{
    "symfony/console": {
        "version": "6.2",
        "recipe": {
            "version": "5.3"
        }
    },
    "symfony/flex": {
        "version": "2.2",
        "recipe": {
            "version": "1.0"
        }
    },
    "symfony/framework-bundle": {
        "version": "v6.2.5"
    },
    "symfony/routing": {
        "version": "6.2",
        "recipe": {
            "version": "6.1"
        }
    }
}
